
Microsoft Visual Studio Solution File, Format Version 12.00
# Visual Studio Version 17
VisualStudioVersion = 17.2.32630.192
MinimumVisualStudioVersion = 10.0.40219.1
Project("{9A19103F-16F7-4668-BE54-9A1E7A4F7556}") = "Psm32", "Psm32\Psm32.csproj", "{1400E23C-992E-420B-991D-5BAB12889CA6}"
EndProject
Project("{FAE04EC0-301F-11D3-BF4B-00C04F79EFBC}") = "Psm32Tests", "Psm32Tests\Psm32Tests.csproj", "{BC85D41C-5EDA-4FE3-A297-CE4893B7C242}"
EndProject
Global
	GlobalSection(SolutionConfigurationPlatforms) = preSolution
		Debug|Any CPU = Debug|Any CPU
		Release|Any CPU = Release|Any CPU
	EndGlobalSection
	GlobalSection(ProjectConfigurationPlatforms) = postSolution
		{1400E23C-992E-420B-991D-5BAB12889CA6}.Debug|Any CPU.ActiveCfg = Debug|Any CPU
		{1400E23C-992E-420B-991D-5BAB12889CA6}.Debug|Any CPU.Build.0 = Debug|Any CPU
		{1400E23C-992E-420B-991D-5BAB12889CA6}.Release|Any CPU.ActiveCfg = Release|Any CPU
		{1400E23C-992E-420B-991D-5BAB12889CA6}.Release|Any CPU.Build.0 = Release|Any CPU
		{BC85D41C-5EDA-4FE3-A297-CE4893B7C242}.Debug|Any CPU.ActiveCfg = Debug|Any CPU
		{BC85D41C-5EDA-4FE3-A297-CE4893B7C242}.Debug|Any CPU.Build.0 = Debug|Any CPU
		{BC85D41C-5EDA-4FE3-A297-CE4893B7C242}.Release|Any CPU.ActiveCfg = Release|Any CPU
		{BC85D41C-5EDA-4FE3-A297-CE4893B7C242}.Release|Any CPU.Build.0 = Release|Any CPU
	EndGlobalSection
	GlobalSection(SolutionProperties) = preSolution
		HideSolutionNode = FALSE
	EndGlobalSection
	GlobalSection(ExtensibilityGlobals) = postSolution
		SolutionGuid = {6227FE6E-5702-41C0-BF9E-4465948DD34C}
	EndGlobalSection
EndGlobal
